{
    "name": "@paperbits/vue",
    "version": "1.0.0",
    "lockfileVersion": 2,
    "requires": true,
    "packages": {
        "": {
            "name": "@paperbits/vue",
            "version": "1.0.0",
            "license": "MIT",
            "dependencies": {
                "@paperbits/common": "0.1.418",
                "reflect-metadata": "^0.1.13",
                "vue": "^2.6.12",
                "vue-custom-element": "^3.3.0"
            }
        },
        "node_modules/@paperbits/common": {
            "version": "0.1.418",
            "resolved": "https://registry.npmjs.org/@paperbits/common/-/common-0.1.418.tgz",
            "integrity": "sha512-/RubnFA1T8dAxl1WAop5s5iRufBkLz6GF1bvk4UWVjsKBU2b25zds1vuHXZr0OSpQevfcO62y6Q4Ju96vWBp6g==",
            "dependencies": {
                "deepmerge": "^4.2.2",
                "domino": "^2.1.4",
                "html-minifier-terser": "^5.1.1",
                "html2plaintext": "^2.1.2",
                "immutable": "^3.8.2",
                "inversify": "^5.0.1",
                "knockout": "^3.5.1",
                "lodash": "^4.17.15",
                "lunr": "^2.3.8",
                "moment": "^2.24.0",
                "reflect-metadata": "^0.1.13",
                "xhr2": "^0.2.0"
            }
        },
        "node_modules/@types/node": {
            "version": "14.14.33",
            "resolved": "https://registry.npmjs.org/@types/node/-/node-14.14.33.tgz",
            "integrity": "sha512-oJqcTrgPUF29oUP8AsUqbXGJNuPutsetaa9kTQAQce5Lx5dTYWV02ScBiT/k1BX/Z7pKeqedmvp39Wu4zR7N7g=="
        },
        "node_modules/boolbase": {
            "version": "1.0.0",
            "resolved": "https://registry.npmjs.org/boolbase/-/boolbase-1.0.0.tgz",
            "integrity": "sha1-aN/1++YMUes3cl6p4+0xDcwed24="
        },
        "node_modules/buffer-from": {
            "version": "1.1.1",
            "resolved": "https://registry.npmjs.org/buffer-from/-/buffer-from-1.1.1.tgz",
            "integrity": "sha512-MQcXEUbCKtEo7bhqEs6560Hyd4XaovZlO/k9V3hjVUF/zwW7KBVdSK4gIt/bzwS9MbR5qob+F5jusZsb0YQK2A=="
        },
        "node_modules/camel-case": {
            "version": "4.1.2",
            "resolved": "https://registry.npmjs.org/camel-case/-/camel-case-4.1.2.tgz",
            "integrity": "sha512-gxGWBrTT1JuMx6R+o5PTXMmUnhnVzLQ9SNutD4YqKtI6ap897t3tKECYla6gCWEkplXnlNybEkZg9GEGxKFCgw==",
            "dependencies": {
                "pascal-case": "^3.1.2",
                "tslib": "^2.0.3"
            }
        },
        "node_modules/cheerio": {
            "version": "1.0.0-rc.2",
            "resolved": "https://registry.npmjs.org/cheerio/-/cheerio-1.0.0-rc.2.tgz",
            "integrity": "sha1-S59TqBsn5NXawxwP/Qz6A8xoMNs=",
            "dependencies": {
                "css-select": "~1.2.0",
                "dom-serializer": "~0.1.0",
                "entities": "~1.1.1",
                "htmlparser2": "^3.9.1",
                "lodash": "^4.15.0",
                "parse5": "^3.0.1"
            },
            "engines": {
                "node": ">= 0.6"
            }
        },
        "node_modules/clean-css": {
            "version": "4.2.3",
            "resolved": "https://registry.npmjs.org/clean-css/-/clean-css-4.2.3.tgz",
            "integrity": "sha512-VcMWDN54ZN/DS+g58HYL5/n4Zrqe8vHJpGA8KdgUXFU4fuP/aHNw8eld9SyEIyabIMJX/0RaY/fplOo5hYLSFA==",
            "dependencies": {
                "source-map": "~0.6.0"
            },
            "engines": {
                "node": ">= 4.0"
            }
        },
        "node_modules/commander": {
            "version": "4.1.1",
            "resolved": "https://registry.npmjs.org/commander/-/commander-4.1.1.tgz",
            "integrity": "sha512-NOKm8xhkzAjzFx8B2v5OAHT+u5pRQc2UCa2Vq9jYL/31o2wi9mxBA7LIFs3sV5VSC49z6pEhfbMULvShKj26WA==",
            "engines": {
                "node": ">= 6"
            }
        },
        "node_modules/css-select": {
            "version": "1.2.0",
            "resolved": "https://registry.npmjs.org/css-select/-/css-select-1.2.0.tgz",
            "integrity": "sha1-KzoRBTnFNV8c2NMUYj6HCxIeyFg=",
            "dependencies": {
                "boolbase": "~1.0.0",
                "css-what": "2.1",
                "domutils": "1.5.1",
                "nth-check": "~1.0.1"
            }
        },
        "node_modules/css-what": {
            "version": "2.1.3",
            "resolved": "https://registry.npmjs.org/css-what/-/css-what-2.1.3.tgz",
            "integrity": "sha512-a+EPoD+uZiNfh+5fxw2nO9QwFa6nJe2Or35fGY6Ipw1R3R4AGz1d1TEZrCegvw2YTmZ0jXirGYlzxxpYSHwpEg==",
            "engines": {
                "node": "*"
            }
        },
        "node_modules/deepmerge": {
            "version": "4.2.2",
            "resolved": "https://registry.npmjs.org/deepmerge/-/deepmerge-4.2.2.tgz",
            "integrity": "sha512-FJ3UgI4gIl+PHZm53knsuSFpE+nESMr7M4v9QcgB7S63Kj/6WqMiFQJpBBYz1Pt+66bZpP3Q7Lye0Oo9MPKEdg==",
            "engines": {
                "node": ">=0.10.0"
            }
        },
        "node_modules/dom-serializer": {
            "version": "0.1.1",
            "resolved": "https://registry.npmjs.org/dom-serializer/-/dom-serializer-0.1.1.tgz",
            "integrity": "sha512-l0IU0pPzLWSHBcieZbpOKgkIn3ts3vAh7ZuFyXNwJxJXk/c4Gwj9xaTJwIDVQCXawWD0qb3IzMGH5rglQaO0XA==",
            "dependencies": {
                "domelementtype": "^1.3.0",
                "entities": "^1.1.1"
            }
        },
        "node_modules/domelementtype": {
            "version": "1.3.1",
            "resolved": "https://registry.npmjs.org/domelementtype/-/domelementtype-1.3.1.tgz",
            "integrity": "sha512-BSKB+TSpMpFI/HOxCNr1O8aMOTZ8hT3pM3GQ0w/mWRmkhEDSFJkkyzz4XQsBV44BChwGkrDfMyjVD0eA2aFV3w=="
        },
        "node_modules/domhandler": {
            "version": "2.4.2",
            "resolved": "https://registry.npmjs.org/domhandler/-/domhandler-2.4.2.tgz",
            "integrity": "sha512-JiK04h0Ht5u/80fdLMCEmV4zkNh2BcoMFBmZ/91WtYZ8qVXSKjiw7fXMgFPnHcSZgOo3XdinHvmnDUeMf5R4wA==",
            "dependencies": {
                "domelementtype": "1"
            }
        },
        "node_modules/domino": {
            "version": "2.1.6",
            "resolved": "https://registry.npmjs.org/domino/-/domino-2.1.6.tgz",
            "integrity": "sha512-3VdM/SXBZX2omc9JF9nOPCtDaYQ67BGp5CoLpIQlO2KCAPETs8TcDHacF26jXadGbvUteZzRTeos2fhID5+ucQ=="
        },
        "node_modules/domutils": {
            "version": "1.5.1",
            "resolved": "https://registry.npmjs.org/domutils/-/domutils-1.5.1.tgz",
            "integrity": "sha1-3NhIiib1Y9YQeeSMn3t+Mjc2gs8=",
            "dependencies": {
                "dom-serializer": "0",
                "domelementtype": "1"
            }
        },
        "node_modules/dot-case": {
            "version": "3.0.4",
            "resolved": "https://registry.npmjs.org/dot-case/-/dot-case-3.0.4.tgz",
            "integrity": "sha512-Kv5nKlh6yRrdrGvxeJ2e5y2eRUpkUosIW4A2AS38zwSz27zu7ufDwQPi5Jhs3XAlGNetl3bmnGhQsMtkKJnj3w==",
            "dependencies": {
                "no-case": "^3.0.4",
                "tslib": "^2.0.3"
            }
        },
        "node_modules/entities": {
            "version": "1.1.2",
            "resolved": "https://registry.npmjs.org/entities/-/entities-1.1.2.tgz",
            "integrity": "sha512-f2LZMYl1Fzu7YSBKg+RoROelpOaNrcGmE9AZubeDfrCEia483oW4MI4VyFd5VNHIgQ/7qm1I0wUHK1eJnn2y2w=="
        },
        "node_modules/he": {
            "version": "1.2.0",
            "resolved": "https://registry.npmjs.org/he/-/he-1.2.0.tgz",
            "integrity": "sha512-F/1DnUGPopORZi0ni+CvrCgHQ5FyEAHRLSApuYWMmrbSwoN2Mn/7k+Gl38gJnR7yyDZk6WLXwiGod1JOWNDKGw==",
            "bin": {
                "he": "bin/he"
            }
        },
        "node_modules/html-minifier-terser": {
            "version": "5.1.1",
            "resolved": "https://registry.npmjs.org/html-minifier-terser/-/html-minifier-terser-5.1.1.tgz",
            "integrity": "sha512-ZPr5MNObqnV/T9akshPKbVgyOqLmy+Bxo7juKCfTfnjNniTAMdy4hz21YQqoofMBJD2kdREaqPPdThoR78Tgxg==",
            "dependencies": {
                "camel-case": "^4.1.1",
                "clean-css": "^4.2.3",
                "commander": "^4.1.1",
                "he": "^1.2.0",
                "param-case": "^3.0.3",
                "relateurl": "^0.2.7",
                "terser": "^4.6.3"
            },
            "bin": {
                "html-minifier-terser": "cli.js"
            },
            "engines": {
                "node": ">=6"
            }
        },
        "node_modules/html2plaintext": {
            "version": "2.1.2",
            "resolved": "https://registry.npmjs.org/html2plaintext/-/html2plaintext-2.1.2.tgz",
            "integrity": "sha512-/7rk161q0RFtQhu0F7oU7MFUtqjm2qBrVfoS8EOaHSdRNt72CNNYSV1/wN+TfO2GhgLQdIjPctmiWPX3oRcNFQ==",
            "dependencies": {
                "cheerio": "1.0.0-rc.2",
                "he": "1.2.0",
                "plumb": "0.1.0"
            }
        },
        "node_modules/htmlparser2": {
            "version": "3.10.1",
            "resolved": "https://registry.npmjs.org/htmlparser2/-/htmlparser2-3.10.1.tgz",
            "integrity": "sha512-IgieNijUMbkDovyoKObU1DUhm1iwNYE/fuifEoEHfd1oZKZDaONBSkal7Y01shxsM49R4XaMdGez3WnF9UfiCQ==",
            "dependencies": {
                "domelementtype": "^1.3.1",
                "domhandler": "^2.3.0",
                "domutils": "^1.5.1",
                "entities": "^1.1.1",
                "inherits": "^2.0.1",
                "readable-stream": "^3.1.1"
            }
        },
        "node_modules/immutable": {
            "version": "3.8.2",
            "resolved": "https://registry.npmjs.org/immutable/-/immutable-3.8.2.tgz",
            "integrity": "sha1-wkOZUUVbs5kT2vKBN28VMOEErfM=",
            "engines": {
                "node": ">=0.10.0"
            }
        },
        "node_modules/inherits": {
            "version": "2.0.4",
            "resolved": "https://registry.npmjs.org/inherits/-/inherits-2.0.4.tgz",
            "integrity": "sha512-k/vGaX4/Yla3WzyMCvTQOXYeIHvqOKtnqBduzTHpzpQZzAskKMhZ2K+EnBiSM9zGSoIFeMpXKxa4dYeZIQqewQ=="
        },
        "node_modules/inversify": {
            "version": "5.0.5",
            "resolved": "https://registry.npmjs.org/inversify/-/inversify-5.0.5.tgz",
            "integrity": "sha512-60QsfPz8NAU/GZqXu8hJ+BhNf/C/c+Hp0eDc6XMIJTxBiP36AQyyQKpBkOVTLWBFDQWYVHpbbEuIsHu9dLuJDA=="
        },
        "node_modules/knockout": {
            "version": "3.5.1",
            "resolved": "https://registry.npmjs.org/knockout/-/knockout-3.5.1.tgz",
            "integrity": "sha512-wRJ9I4az0QcsH7A4v4l0enUpkS++MBx0BnL/68KaLzJg7x1qmbjSlwEoCNol7KTYZ+pmtI7Eh2J0Nu6/2Z5J/Q=="
        },
        "node_modules/lodash": {
            "version": "4.17.21",
            "resolved": "https://registry.npmjs.org/lodash/-/lodash-4.17.21.tgz",
            "integrity": "sha512-v2kDEe57lecTulaDIuNTPy3Ry4gLGJ6Z1O3vE1krgXZNrsQ+LFTGHVxVjcXPs17LhbZVGedAJv8XZ1tvj5FvSg=="
        },
        "node_modules/lower-case": {
            "version": "2.0.2",
            "resolved": "https://registry.npmjs.org/lower-case/-/lower-case-2.0.2.tgz",
            "integrity": "sha512-7fm3l3NAF9WfN6W3JOmf5drwpVqX78JtoGJ3A6W0a6ZnldM41w2fV5D490psKFTpMds8TJse/eHLFFsNHHjHgg==",
            "dependencies": {
                "tslib": "^2.0.3"
            }
        },
        "node_modules/lunr": {
            "version": "2.3.9",
            "resolved": "https://registry.npmjs.org/lunr/-/lunr-2.3.9.tgz",
            "integrity": "sha512-zTU3DaZaF3Rt9rhN3uBMGQD3dD2/vFQqnvZCDv4dl5iOzq2IZQqTxu90r4E5J+nP70J3ilqVCrbho2eWaeW8Ow=="
        },
        "node_modules/moment": {
            "version": "2.29.1",
            "resolved": "https://registry.npmjs.org/moment/-/moment-2.29.1.tgz",
            "integrity": "sha512-kHmoybcPV8Sqy59DwNDY3Jefr64lK/by/da0ViFcuA4DH0vQg5Q6Ze5VimxkfQNSC+Mls/Kx53s7TjP1RhFEDQ==",
            "engines": {
                "node": "*"
            }
        },
        "node_modules/no-case": {
            "version": "3.0.4",
            "resolved": "https://registry.npmjs.org/no-case/-/no-case-3.0.4.tgz",
            "integrity": "sha512-fgAN3jGAh+RoxUGZHTSOLJIqUc2wmoBwGR4tbpNAKmmovFoWq0OdRkb0VkldReO2a2iBT/OEulG9XSUc10r3zg==",
            "dependencies": {
                "lower-case": "^2.0.2",
                "tslib": "^2.0.3"
            }
        },
        "node_modules/nth-check": {
            "version": "1.0.2",
            "resolved": "https://registry.npmjs.org/nth-check/-/nth-check-1.0.2.tgz",
            "integrity": "sha512-WeBOdju8SnzPN5vTUJYxYUxLeXpCaVP5i5e0LF8fg7WORF2Wd7wFX/pk0tYZk7s8T+J7VLy0Da6J1+wCT0AtHg==",
            "dependencies": {
                "boolbase": "~1.0.0"
            }
        },
        "node_modules/param-case": {
            "version": "3.0.4",
            "resolved": "https://registry.npmjs.org/param-case/-/param-case-3.0.4.tgz",
            "integrity": "sha512-RXlj7zCYokReqWpOPH9oYivUzLYZ5vAPIfEmCTNViosC78F8F0H9y7T7gG2M39ymgutxF5gcFEsyZQSph9Bp3A==",
            "dependencies": {
                "dot-case": "^3.0.4",
                "tslib": "^2.0.3"
            }
        },
        "node_modules/parse5": {
            "version": "3.0.3",
            "resolved": "https://registry.npmjs.org/parse5/-/parse5-3.0.3.tgz",
            "integrity": "sha512-rgO9Zg5LLLkfJF9E6CCmXlSE4UVceloys8JrFqCcHloC3usd/kJCyPDwH2SOlzix2j3xaP9sUX3e8+kvkuleAA==",
            "dependencies": {
                "@types/node": "*"
            }
        },
        "node_modules/pascal-case": {
            "version": "3.1.2",
            "resolved": "https://registry.npmjs.org/pascal-case/-/pascal-case-3.1.2.tgz",
            "integrity": "sha512-uWlGT3YSnK9x3BQJaOdcZwrnV6hPpd8jFH1/ucpiLRPh/2zCVJKS19E4GvYHvaCcACn3foXZ0cLB9Wrx1KGe5g==",
            "dependencies": {
                "no-case": "^3.0.4",
                "tslib": "^2.0.3"
            }
        },
        "node_modules/plumb": {
            "version": "0.1.0",
            "resolved": "https://registry.npmjs.org/plumb/-/plumb-0.1.0.tgz",
            "integrity": "sha1-TFd5ClCWkoMv2/EN+t3XlIxctXQ="
        },
        "node_modules/readable-stream": {
            "version": "3.6.0",
            "resolved": "https://registry.npmjs.org/readable-stream/-/readable-stream-3.6.0.tgz",
            "integrity": "sha512-BViHy7LKeTz4oNnkcLJ+lVSL6vpiFeX6/d3oSH8zCW7UxP2onchk+vTGB143xuFjHS3deTgkKoXXymXqymiIdA==",
            "dependencies": {
                "inherits": "^2.0.3",
                "string_decoder": "^1.1.1",
                "util-deprecate": "^1.0.1"
            },
            "engines": {
                "node": ">= 6"
            }
        },
        "node_modules/reflect-metadata": {
            "version": "0.1.13",
            "resolved": "https://registry.npmjs.org/reflect-metadata/-/reflect-metadata-0.1.13.tgz",
            "integrity": "sha512-Ts1Y/anZELhSsjMcU605fU9RE4Oi3p5ORujwbIKXfWa+0Zxs510Qrmrce5/Jowq3cHSZSJqBjypxmHarc+vEWg=="
        },
        "node_modules/relateurl": {
            "version": "0.2.7",
            "resolved": "https://registry.npmjs.org/relateurl/-/relateurl-0.2.7.tgz",
            "integrity": "sha1-VNvzd+UUQKypCkzSdGANP/LYiKk=",
            "engines": {
                "node": ">= 0.10"
            }
        },
        "node_modules/safe-buffer": {
            "version": "5.2.1",
            "resolved": "https://registry.npmjs.org/safe-buffer/-/safe-buffer-5.2.1.tgz",
            "integrity": "sha512-rp3So07KcdmmKbGvgaNxQSJr7bGVSVk5S9Eq1F+ppbRo70+YeaDxkw5Dd8NPN+GD6bjnYm2VuPuCXmpuYvmCXQ=="
        },
        "node_modules/source-map": {
            "version": "0.6.1",
            "resolved": "https://registry.npmjs.org/source-map/-/source-map-0.6.1.tgz",
            "integrity": "sha512-UjgapumWlbMhkBgzT7Ykc5YXUT46F0iKu8SGXq0bcwP5dz/h0Plj6enJqjz1Zbq2l5WaqYnrVbwWOWMyF3F47g==",
            "engines": {
                "node": ">=0.10.0"
            }
        },
        "node_modules/source-map-support": {
            "version": "0.5.19",
            "resolved": "https://registry.npmjs.org/source-map-support/-/source-map-support-0.5.19.tgz",
            "integrity": "sha512-Wonm7zOCIJzBGQdB+thsPar0kYuCIzYvxZwlBa87yi/Mdjv7Tip2cyVbLj5o0cFPN4EVkuTwb3GDDyUx2DGnGw==",
            "dependencies": {
                "buffer-from": "^1.0.0",
                "source-map": "^0.6.0"
            }
        },
        "node_modules/string_decoder": {
            "version": "1.3.0",
            "resolved": "https://registry.npmjs.org/string_decoder/-/string_decoder-1.3.0.tgz",
            "integrity": "sha512-hkRX8U1WjJFd8LsDJ2yQ/wWWxaopEsABU1XfkM8A+j0+85JAGppt16cr1Whg6KIbb4okU6Mql6BOj+uup/wKeA==",
            "dependencies": {
                "safe-buffer": "~5.2.0"
            }
        },
        "node_modules/terser": {
            "version": "4.8.0",
            "resolved": "https://registry.npmjs.org/terser/-/terser-4.8.0.tgz",
            "integrity": "sha512-EAPipTNeWsb/3wLPeup1tVPaXfIaU68xMnVdPafIL1TV05OhASArYyIfFvnvJCNrR2NIOvDVNNTFRa+Re2MWyw==",
            "dependencies": {
                "commander": "^2.20.0",
                "source-map": "~0.6.1",
                "source-map-support": "~0.5.12"
            },
            "bin": {
                "terser": "bin/terser"
            },
            "engines": {
                "node": ">=6.0.0"
            }
        },
        "node_modules/terser/node_modules/commander": {
            "version": "2.20.3",
            "resolved": "https://registry.npmjs.org/commander/-/commander-2.20.3.tgz",
            "integrity": "sha512-GpVkmM8vF2vQUkj2LvZmD35JxeJOLCwJ9cUkugyk2nuhbv3+mJvpLYYt+0+USMxE+oj+ey/lJEnhZw75x/OMcQ=="
        },
        "node_modules/tslib": {
            "version": "2.1.0",
            "resolved": "https://registry.npmjs.org/tslib/-/tslib-2.1.0.tgz",
            "integrity": "sha512-hcVC3wYEziELGGmEEXue7D75zbwIIVUMWAVbHItGPx0ziyXxrOMQx4rQEVEV45Ut/1IotuEvwqPopzIOkDMf0A=="
        },
        "node_modules/util-deprecate": {
            "version": "1.0.2",
            "resolved": "https://registry.npmjs.org/util-deprecate/-/util-deprecate-1.0.2.tgz",
            "integrity": "sha1-RQ1Nyfpw3nMnYvvS1KKJgUGaDM8="
        },
        "node_modules/vue": {
            "version": "2.6.12",
            "resolved": "https://registry.npmjs.org/vue/-/vue-2.6.12.tgz",
            "integrity": "sha512-uhmLFETqPPNyuLLbsKz6ioJ4q7AZHzD8ZVFNATNyICSZouqP2Sz0rotWQC8UNBF6VGSCs5abnKJoStA6JbCbfg=="
        },
        "node_modules/vue-custom-element": {
            "version": "3.3.0",
            "resolved": "https://registry.npmjs.org/vue-custom-element/-/vue-custom-element-3.3.0.tgz",
            "integrity": "sha512-ePuy1EDDJd9/piwXLwsCyMQ964HsdhXPzypM9OX0r4JBa20EVN28U7RXeTWwXkoFKim/b3sP7xT2NEM0Di6tUQ==",
            "engines": {
                "node": ">= 4.0.0",
                "npm": ">= 3.0.0"
            }
        },
        "node_modules/xhr2": {
            "version": "0.2.1",
            "resolved": "https://registry.npmjs.org/xhr2/-/xhr2-0.2.1.tgz",
            "integrity": "sha512-sID0rrVCqkVNUn8t6xuv9+6FViXjUVXq8H5rWOH2rz9fDNQEd4g0EA2XlcEdJXRz5BMEn4O1pJFdT+z4YHhoWw==",
            "engines": {
                "node": ">= 6"
            }
        }
    },
    "dependencies": {
        "@paperbits/common": {
            "version": "0.1.418",
            "resolved": "https://registry.npmjs.org/@paperbits/common/-/common-0.1.418.tgz",
            "integrity": "sha512-/RubnFA1T8dAxl1WAop5s5iRufBkLz6GF1bvk4UWVjsKBU2b25zds1vuHXZr0OSpQevfcO62y6Q4Ju96vWBp6g==",
            "requires": {
                "deepmerge": "^4.2.2",
                "domino": "^2.1.4",
                "html-minifier-terser": "^5.1.1",
                "html2plaintext": "^2.1.2",
                "immutable": "^3.8.2",
                "inversify": "^5.0.1",
                "knockout": "^3.5.1",
                "lodash": "^4.17.15",
                "lunr": "^2.3.8",
                "moment": "^2.24.0",
                "reflect-metadata": "^0.1.13",
                "xhr2": "^0.2.0"
            }
        },
        "@types/node": {
            "version": "14.14.33",
            "resolved": "https://registry.npmjs.org/@types/node/-/node-14.14.33.tgz",
            "integrity": "sha512-oJqcTrgPUF29oUP8AsUqbXGJNuPutsetaa9kTQAQce5Lx5dTYWV02ScBiT/k1BX/Z7pKeqedmvp39Wu4zR7N7g=="
        },
        "boolbase": {
            "version": "1.0.0",
            "resolved": "https://registry.npmjs.org/boolbase/-/boolbase-1.0.0.tgz",
            "integrity": "sha1-aN/1++YMUes3cl6p4+0xDcwed24="
        },
        "buffer-from": {
            "version": "1.1.1",
            "resolved": "https://registry.npmjs.org/buffer-from/-/buffer-from-1.1.1.tgz",
            "integrity": "sha512-MQcXEUbCKtEo7bhqEs6560Hyd4XaovZlO/k9V3hjVUF/zwW7KBVdSK4gIt/bzwS9MbR5qob+F5jusZsb0YQK2A=="
        },
        "camel-case": {
            "version": "4.1.2",
            "resolved": "https://registry.npmjs.org/camel-case/-/camel-case-4.1.2.tgz",
            "integrity": "sha512-gxGWBrTT1JuMx6R+o5PTXMmUnhnVzLQ9SNutD4YqKtI6ap897t3tKECYla6gCWEkplXnlNybEkZg9GEGxKFCgw==",
            "requires": {
                "pascal-case": "^3.1.2",
                "tslib": "^2.0.3"
            }
        },
        "cheerio": {
            "version": "1.0.0-rc.2",
            "resolved": "https://registry.npmjs.org/cheerio/-/cheerio-1.0.0-rc.2.tgz",
            "integrity": "sha1-S59TqBsn5NXawxwP/Qz6A8xoMNs=",
            "requires": {
                "css-select": "~1.2.0",
                "dom-serializer": "~0.1.0",
                "entities": "~1.1.1",
                "htmlparser2": "^3.9.1",
                "lodash": "^4.15.0",
                "parse5": "^3.0.1"
            }
        },
        "clean-css": {
            "version": "4.2.3",
            "resolved": "https://registry.npmjs.org/clean-css/-/clean-css-4.2.3.tgz",
            "integrity": "sha512-VcMWDN54ZN/DS+g58HYL5/n4Zrqe8vHJpGA8KdgUXFU4fuP/aHNw8eld9SyEIyabIMJX/0RaY/fplOo5hYLSFA==",
            "requires": {
                "source-map": "~0.6.0"
            }
        },
        "commander": {
            "version": "4.1.1",
            "resolved": "https://registry.npmjs.org/commander/-/commander-4.1.1.tgz",
            "integrity": "sha512-NOKm8xhkzAjzFx8B2v5OAHT+u5pRQc2UCa2Vq9jYL/31o2wi9mxBA7LIFs3sV5VSC49z6pEhfbMULvShKj26WA=="
        },
        "css-select": {
            "version": "1.2.0",
            "resolved": "https://registry.npmjs.org/css-select/-/css-select-1.2.0.tgz",
            "integrity": "sha1-KzoRBTnFNV8c2NMUYj6HCxIeyFg=",
            "requires": {
                "boolbase": "~1.0.0",
                "css-what": "2.1",
                "domutils": "1.5.1",
                "nth-check": "~1.0.1"
            }
        },
        "css-what": {
            "version": "2.1.3",
            "resolved": "https://registry.npmjs.org/css-what/-/css-what-2.1.3.tgz",
            "integrity": "sha512-a+EPoD+uZiNfh+5fxw2nO9QwFa6nJe2Or35fGY6Ipw1R3R4AGz1d1TEZrCegvw2YTmZ0jXirGYlzxxpYSHwpEg=="
        },
        "deepmerge": {
            "version": "4.2.2",
            "resolved": "https://registry.npmjs.org/deepmerge/-/deepmerge-4.2.2.tgz",
            "integrity": "sha512-FJ3UgI4gIl+PHZm53knsuSFpE+nESMr7M4v9QcgB7S63Kj/6WqMiFQJpBBYz1Pt+66bZpP3Q7Lye0Oo9MPKEdg=="
        },
        "dom-serializer": {
            "version": "0.1.1",
            "resolved": "https://registry.npmjs.org/dom-serializer/-/dom-serializer-0.1.1.tgz",
            "integrity": "sha512-l0IU0pPzLWSHBcieZbpOKgkIn3ts3vAh7ZuFyXNwJxJXk/c4Gwj9xaTJwIDVQCXawWD0qb3IzMGH5rglQaO0XA==",
            "requires": {
                "domelementtype": "^1.3.0",
                "entities": "^1.1.1"
            }
        },
        "domelementtype": {
            "version": "1.3.1",
            "resolved": "https://registry.npmjs.org/domelementtype/-/domelementtype-1.3.1.tgz",
            "integrity": "sha512-BSKB+TSpMpFI/HOxCNr1O8aMOTZ8hT3pM3GQ0w/mWRmkhEDSFJkkyzz4XQsBV44BChwGkrDfMyjVD0eA2aFV3w=="
        },
        "domhandler": {
            "version": "2.4.2",
            "resolved": "https://registry.npmjs.org/domhandler/-/domhandler-2.4.2.tgz",
            "integrity": "sha512-JiK04h0Ht5u/80fdLMCEmV4zkNh2BcoMFBmZ/91WtYZ8qVXSKjiw7fXMgFPnHcSZgOo3XdinHvmnDUeMf5R4wA==",
            "requires": {
                "domelementtype": "1"
            }
        },
        "domino": {
            "version": "2.1.6",
            "resolved": "https://registry.npmjs.org/domino/-/domino-2.1.6.tgz",
            "integrity": "sha512-3VdM/SXBZX2omc9JF9nOPCtDaYQ67BGp5CoLpIQlO2KCAPETs8TcDHacF26jXadGbvUteZzRTeos2fhID5+ucQ=="
        },
        "domutils": {
            "version": "1.5.1",
            "resolved": "https://registry.npmjs.org/domutils/-/domutils-1.5.1.tgz",
            "integrity": "sha1-3NhIiib1Y9YQeeSMn3t+Mjc2gs8=",
            "requires": {
                "dom-serializer": "0",
                "domelementtype": "1"
            }
        },
        "dot-case": {
            "version": "3.0.4",
            "resolved": "https://registry.npmjs.org/dot-case/-/dot-case-3.0.4.tgz",
            "integrity": "sha512-Kv5nKlh6yRrdrGvxeJ2e5y2eRUpkUosIW4A2AS38zwSz27zu7ufDwQPi5Jhs3XAlGNetl3bmnGhQsMtkKJnj3w==",
            "requires": {
                "no-case": "^3.0.4",
                "tslib": "^2.0.3"
            }
        },
        "entities": {
            "version": "1.1.2",
            "resolved": "https://registry.npmjs.org/entities/-/entities-1.1.2.tgz",
            "integrity": "sha512-f2LZMYl1Fzu7YSBKg+RoROelpOaNrcGmE9AZubeDfrCEia483oW4MI4VyFd5VNHIgQ/7qm1I0wUHK1eJnn2y2w=="
        },
        "he": {
            "version": "1.2.0",
            "resolved": "https://registry.npmjs.org/he/-/he-1.2.0.tgz",
            "integrity": "sha512-F/1DnUGPopORZi0ni+CvrCgHQ5FyEAHRLSApuYWMmrbSwoN2Mn/7k+Gl38gJnR7yyDZk6WLXwiGod1JOWNDKGw=="
        },
        "html-minifier-terser": {
            "version": "5.1.1",
            "resolved": "https://registry.npmjs.org/html-minifier-terser/-/html-minifier-terser-5.1.1.tgz",
            "integrity": "sha512-ZPr5MNObqnV/T9akshPKbVgyOqLmy+Bxo7juKCfTfnjNniTAMdy4hz21YQqoofMBJD2kdREaqPPdThoR78Tgxg==",
            "requires": {
                "camel-case": "^4.1.1",
                "clean-css": "^4.2.3",
                "commander": "^4.1.1",
                "he": "^1.2.0",
                "param-case": "^3.0.3",
                "relateurl": "^0.2.7",
                "terser": "^4.6.3"
            }
        },
        "html2plaintext": {
            "version": "2.1.2",
            "resolved": "https://registry.npmjs.org/html2plaintext/-/html2plaintext-2.1.2.tgz",
            "integrity": "sha512-/7rk161q0RFtQhu0F7oU7MFUtqjm2qBrVfoS8EOaHSdRNt72CNNYSV1/wN+TfO2GhgLQdIjPctmiWPX3oRcNFQ==",
            "requires": {
                "cheerio": "1.0.0-rc.2",
                "he": "1.2.0",
                "plumb": "0.1.0"
            }
        },
        "htmlparser2": {
            "version": "3.10.1",
            "resolved": "https://registry.npmjs.org/htmlparser2/-/htmlparser2-3.10.1.tgz",
            "integrity": "sha512-IgieNijUMbkDovyoKObU1DUhm1iwNYE/fuifEoEHfd1oZKZDaONBSkal7Y01shxsM49R4XaMdGez3WnF9UfiCQ==",
            "requires": {
                "domelementtype": "^1.3.1",
                "domhandler": "^2.3.0",
                "domutils": "^1.5.1",
                "entities": "^1.1.1",
                "inherits": "^2.0.1",
                "readable-stream": "^3.1.1"
            }
        },
        "immutable": {
            "version": "3.8.2",
            "resolved": "https://registry.npmjs.org/immutable/-/immutable-3.8.2.tgz",
            "integrity": "sha1-wkOZUUVbs5kT2vKBN28VMOEErfM="
        },
        "inherits": {
            "version": "2.0.4",
            "resolved": "https://registry.npmjs.org/inherits/-/inherits-2.0.4.tgz",
            "integrity": "sha512-k/vGaX4/Yla3WzyMCvTQOXYeIHvqOKtnqBduzTHpzpQZzAskKMhZ2K+EnBiSM9zGSoIFeMpXKxa4dYeZIQqewQ=="
        },
        "inversify": {
            "version": "5.0.5",
            "resolved": "https://registry.npmjs.org/inversify/-/inversify-5.0.5.tgz",
            "integrity": "sha512-60QsfPz8NAU/GZqXu8hJ+BhNf/C/c+Hp0eDc6XMIJTxBiP36AQyyQKpBkOVTLWBFDQWYVHpbbEuIsHu9dLuJDA=="
        },
        "knockout": {
            "version": "3.5.1",
            "resolved": "https://registry.npmjs.org/knockout/-/knockout-3.5.1.tgz",
            "integrity": "sha512-wRJ9I4az0QcsH7A4v4l0enUpkS++MBx0BnL/68KaLzJg7x1qmbjSlwEoCNol7KTYZ+pmtI7Eh2J0Nu6/2Z5J/Q=="
        },
        "lodash": {
            "version": "4.17.21",
            "resolved": "https://registry.npmjs.org/lodash/-/lodash-4.17.21.tgz",
            "integrity": "sha512-v2kDEe57lecTulaDIuNTPy3Ry4gLGJ6Z1O3vE1krgXZNrsQ+LFTGHVxVjcXPs17LhbZVGedAJv8XZ1tvj5FvSg=="
        },
        "lower-case": {
            "version": "2.0.2",
            "resolved": "https://registry.npmjs.org/lower-case/-/lower-case-2.0.2.tgz",
            "integrity": "sha512-7fm3l3NAF9WfN6W3JOmf5drwpVqX78JtoGJ3A6W0a6ZnldM41w2fV5D490psKFTpMds8TJse/eHLFFsNHHjHgg==",
            "requires": {
                "tslib": "^2.0.3"
            }
        },
        "lunr": {
            "version": "2.3.9",
            "resolved": "https://registry.npmjs.org/lunr/-/lunr-2.3.9.tgz",
            "integrity": "sha512-zTU3DaZaF3Rt9rhN3uBMGQD3dD2/vFQqnvZCDv4dl5iOzq2IZQqTxu90r4E5J+nP70J3ilqVCrbho2eWaeW8Ow=="
        },
        "moment": {
            "version": "2.29.1",
            "resolved": "https://registry.npmjs.org/moment/-/moment-2.29.1.tgz",
            "integrity": "sha512-kHmoybcPV8Sqy59DwNDY3Jefr64lK/by/da0ViFcuA4DH0vQg5Q6Ze5VimxkfQNSC+Mls/Kx53s7TjP1RhFEDQ=="
        },
        "no-case": {
            "version": "3.0.4",
            "resolved": "https://registry.npmjs.org/no-case/-/no-case-3.0.4.tgz",
            "integrity": "sha512-fgAN3jGAh+RoxUGZHTSOLJIqUc2wmoBwGR4tbpNAKmmovFoWq0OdRkb0VkldReO2a2iBT/OEulG9XSUc10r3zg==",
            "requires": {
                "lower-case": "^2.0.2",
                "tslib": "^2.0.3"
            }
        },
        "nth-check": {
            "version": "1.0.2",
            "resolved": "https://registry.npmjs.org/nth-check/-/nth-check-1.0.2.tgz",
            "integrity": "sha512-WeBOdju8SnzPN5vTUJYxYUxLeXpCaVP5i5e0LF8fg7WORF2Wd7wFX/pk0tYZk7s8T+J7VLy0Da6J1+wCT0AtHg==",
            "requires": {
                "boolbase": "~1.0.0"
            }
        },
        "param-case": {
            "version": "3.0.4",
            "resolved": "https://registry.npmjs.org/param-case/-/param-case-3.0.4.tgz",
            "integrity": "sha512-RXlj7zCYokReqWpOPH9oYivUzLYZ5vAPIfEmCTNViosC78F8F0H9y7T7gG2M39ymgutxF5gcFEsyZQSph9Bp3A==",
            "requires": {
                "dot-case": "^3.0.4",
                "tslib": "^2.0.3"
            }
        },
        "parse5": {
            "version": "3.0.3",
            "resolved": "https://registry.npmjs.org/parse5/-/parse5-3.0.3.tgz",
            "integrity": "sha512-rgO9Zg5LLLkfJF9E6CCmXlSE4UVceloys8JrFqCcHloC3usd/kJCyPDwH2SOlzix2j3xaP9sUX3e8+kvkuleAA==",
            "requires": {
                "@types/node": "*"
            }
        },
        "pascal-case": {
            "version": "3.1.2",
            "resolved": "https://registry.npmjs.org/pascal-case/-/pascal-case-3.1.2.tgz",
            "integrity": "sha512-uWlGT3YSnK9x3BQJaOdcZwrnV6hPpd8jFH1/ucpiLRPh/2zCVJKS19E4GvYHvaCcACn3foXZ0cLB9Wrx1KGe5g==",
            "requires": {
                "no-case": "^3.0.4",
                "tslib": "^2.0.3"
            }
        },
        "plumb": {
            "version": "0.1.0",
            "resolved": "https://registry.npmjs.org/plumb/-/plumb-0.1.0.tgz",
            "integrity": "sha1-TFd5ClCWkoMv2/EN+t3XlIxctXQ="
        },
        "readable-stream": {
            "version": "3.6.0",
            "resolved": "https://registry.npmjs.org/readable-stream/-/readable-stream-3.6.0.tgz",
            "integrity": "sha512-BViHy7LKeTz4oNnkcLJ+lVSL6vpiFeX6/d3oSH8zCW7UxP2onchk+vTGB143xuFjHS3deTgkKoXXymXqymiIdA==",
            "requires": {
                "inherits": "^2.0.3",
                "string_decoder": "^1.1.1",
                "util-deprecate": "^1.0.1"
            }
        },
        "reflect-metadata": {
            "version": "0.1.13",
            "resolved": "https://registry.npmjs.org/reflect-metadata/-/reflect-metadata-0.1.13.tgz",
            "integrity": "sha512-Ts1Y/anZELhSsjMcU605fU9RE4Oi3p5ORujwbIKXfWa+0Zxs510Qrmrce5/Jowq3cHSZSJqBjypxmHarc+vEWg=="
        },
        "relateurl": {
            "version": "0.2.7",
            "resolved": "https://registry.npmjs.org/relateurl/-/relateurl-0.2.7.tgz",
            "integrity": "sha1-VNvzd+UUQKypCkzSdGANP/LYiKk="
        },
        "safe-buffer": {
            "version": "5.2.1",
            "resolved": "https://registry.npmjs.org/safe-buffer/-/safe-buffer-5.2.1.tgz",
            "integrity": "sha512-rp3So07KcdmmKbGvgaNxQSJr7bGVSVk5S9Eq1F+ppbRo70+YeaDxkw5Dd8NPN+GD6bjnYm2VuPuCXmpuYvmCXQ=="
        },
        "source-map": {
            "version": "0.6.1",
            "resolved": "https://registry.npmjs.org/source-map/-/source-map-0.6.1.tgz",
            "integrity": "sha512-UjgapumWlbMhkBgzT7Ykc5YXUT46F0iKu8SGXq0bcwP5dz/h0Plj6enJqjz1Zbq2l5WaqYnrVbwWOWMyF3F47g=="
        },
        "source-map-support": {
            "version": "0.5.19",
            "resolved": "https://registry.npmjs.org/source-map-support/-/source-map-support-0.5.19.tgz",
            "integrity": "sha512-Wonm7zOCIJzBGQdB+thsPar0kYuCIzYvxZwlBa87yi/Mdjv7Tip2cyVbLj5o0cFPN4EVkuTwb3GDDyUx2DGnGw==",
            "requires": {
                "buffer-from": "^1.0.0",
                "source-map": "^0.6.0"
            }
        },
        "string_decoder": {
            "version": "1.3.0",
            "resolved": "https://registry.npmjs.org/string_decoder/-/string_decoder-1.3.0.tgz",
            "integrity": "sha512-hkRX8U1WjJFd8LsDJ2yQ/wWWxaopEsABU1XfkM8A+j0+85JAGppt16cr1Whg6KIbb4okU6Mql6BOj+uup/wKeA==",
            "requires": {
                "safe-buffer": "~5.2.0"
            }
        },
        "terser": {
            "version": "4.8.0",
            "resolved": "https://registry.npmjs.org/terser/-/terser-4.8.0.tgz",
            "integrity": "sha512-EAPipTNeWsb/3wLPeup1tVPaXfIaU68xMnVdPafIL1TV05OhASArYyIfFvnvJCNrR2NIOvDVNNTFRa+Re2MWyw==",
            "requires": {
                "commander": "^2.20.0",
                "source-map": "~0.6.1",
                "source-map-support": "~0.5.12"
            },
            "dependencies": {
                "commander": {
                    "version": "2.20.3",
                    "resolved": "https://registry.npmjs.org/commander/-/commander-2.20.3.tgz",
                    "integrity": "sha512-GpVkmM8vF2vQUkj2LvZmD35JxeJOLCwJ9cUkugyk2nuhbv3+mJvpLYYt+0+USMxE+oj+ey/lJEnhZw75x/OMcQ=="
                }
            }
        },
        "tslib": {
            "version": "2.1.0",
            "resolved": "https://registry.npmjs.org/tslib/-/tslib-2.1.0.tgz",
            "integrity": "sha512-hcVC3wYEziELGGmEEXue7D75zbwIIVUMWAVbHItGPx0ziyXxrOMQx4rQEVEV45Ut/1IotuEvwqPopzIOkDMf0A=="
        },
        "util-deprecate": {
            "version": "1.0.2",
            "resolved": "https://registry.npmjs.org/util-deprecate/-/util-deprecate-1.0.2.tgz",
            "integrity": "sha1-RQ1Nyfpw3nMnYvvS1KKJgUGaDM8="
        },
        "vue": {
            "version": "2.6.12",
            "resolved": "https://registry.npmjs.org/vue/-/vue-2.6.12.tgz",
            "integrity": "sha512-uhmLFETqPPNyuLLbsKz6ioJ4q7AZHzD8ZVFNATNyICSZouqP2Sz0rotWQC8UNBF6VGSCs5abnKJoStA6JbCbfg=="
        },
        "vue-custom-element": {
            "version": "3.3.0",
            "resolved": "https://registry.npmjs.org/vue-custom-element/-/vue-custom-element-3.3.0.tgz",
            "integrity": "sha512-ePuy1EDDJd9/piwXLwsCyMQ964HsdhXPzypM9OX0r4JBa20EVN28U7RXeTWwXkoFKim/b3sP7xT2NEM0Di6tUQ=="
        },
        "xhr2": {
            "version": "0.2.1",
            "resolved": "https://registry.npmjs.org/xhr2/-/xhr2-0.2.1.tgz",
            "integrity": "sha512-sID0rrVCqkVNUn8t6xuv9+6FViXjUVXq8H5rWOH2rz9fDNQEd4g0EA2XlcEdJXRz5BMEn4O1pJFdT+z4YHhoWw=="
        }
    }
}
